// !$*UTF8*$!
{
	archiveVersion = 1;
	classes = {
	};
	objectVersion = 51;
	objects = {

/* Begin PBXBuildFile section */
		42E0FDD30C22085FBDB81020 /* Pods_breweries_list.framework in Frameworks */ = {isa = PBXBuildFile; fileRef = 8C271D9C4FB36387335AB2E5 /* Pods_breweries_list.framework */; };
		CE09C6B924ACFAA400D8E092 /* ConfigurableCell.swift in Sources */ = {isa = PBXBuildFile; fileRef = CE09C6B824ACFAA400D8E092 /* ConfigurableCell.swift */; };
		CE09C6BE24ACFB7900D8E092 /* BreweriesListCell.swift in Sources */ = {isa = PBXBuildFile; fileRef = CE09C6BC24ACFB7900D8E092 /* BreweriesListCell.swift */; };
		CE09C6BF24ACFB7900D8E092 /* BreweriesListCell.xib in Resources */ = {isa = PBXBuildFile; fileRef = CE09C6BD24ACFB7900D8E092 /* BreweriesListCell.xib */; };
		CE1CE81624ADDF100051678A /* BreweryRequest.swift in Sources */ = {isa = PBXBuildFile; fileRef = CE1CE81524ADDF100051678A /* BreweryRequest.swift */; };
		CE1CE81824ADE24B0051678A /* BreweriesManager.swift in Sources */ = {isa = PBXBuildFile; fileRef = CE1CE81724ADE24B0051678A /* BreweriesManager.swift */; };
		CE1CE81A24ADE2550051678A /* IBreweriesManager.swift in Sources */ = {isa = PBXBuildFile; fileRef = CE1CE81924ADE2550051678A /* IBreweriesManager.swift */; };
		CE1CE81D24ADE3800051678A /* BreweryError.swift in Sources */ = {isa = PBXBuildFile; fileRef = CE1CE81C24ADE3800051678A /* BreweryError.swift */; };
		CE2FA47024ABAC7600336453 /* AppDelegate.swift in Sources */ = {isa = PBXBuildFile; fileRef = CE2FA46F24ABAC7600336453 /* AppDelegate.swift */; };
		CE2FA47224ABAC7600336453 /* SceneDelegate.swift in Sources */ = {isa = PBXBuildFile; fileRef = CE2FA47124ABAC7600336453 /* SceneDelegate.swift */; };
		CE2FA47924ABAC7900336453 /* Assets.xcassets in Resources */ = {isa = PBXBuildFile; fileRef = CE2FA47824ABAC7900336453 /* Assets.xcassets */; };
		CE2FA47C24ABAC7900336453 /* LaunchScreen.storyboard in Resources */ = {isa = PBXBuildFile; fileRef = CE2FA47A24ABAC7900336453 /* LaunchScreen.storyboard */; };
		CE2FA49424ABD63D00336453 /* SplashPresenter.swift in Sources */ = {isa = PBXBuildFile; fileRef = CE2FA48E24ABD63D00336453 /* SplashPresenter.swift */; };
		CE2FA49524ABD63D00336453 /* SplashRouter.swift in Sources */ = {isa = PBXBuildFile; fileRef = CE2FA48F24ABD63D00336453 /* SplashRouter.swift */; };
		CE2FA49624ABD63D00336453 /* SplashViewController.storyboard in Resources */ = {isa = PBXBuildFile; fileRef = CE2FA49024ABD63D00336453 /* SplashViewController.storyboard */; };
		CE2FA49724ABD63D00336453 /* SplashViewController.swift in Sources */ = {isa = PBXBuildFile; fileRef = CE2FA49124ABD63D00336453 /* SplashViewController.swift */; };
		CE2FA49824ABD63D00336453 /* SplashInteractor.swift in Sources */ = {isa = PBXBuildFile; fileRef = CE2FA49224ABD63D00336453 /* SplashInteractor.swift */; };
		CE2FA49924ABD63D00336453 /* Splash.swift in Sources */ = {isa = PBXBuildFile; fileRef = CE2FA49324ABD63D00336453 /* Splash.swift */; };
		CE2FA4A124ABD6B000336453 /* BreweriesListPresenter.swift in Sources */ = {isa = PBXBuildFile; fileRef = CE2FA49B24ABD6B000336453 /* BreweriesListPresenter.swift */; };
		CE2FA4A224ABD6B000336453 /* BreweriesListRouter.swift in Sources */ = {isa = PBXBuildFile; fileRef = CE2FA49C24ABD6B000336453 /* BreweriesListRouter.swift */; };
		CE2FA4A324ABD6B000336453 /* BreweriesListViewController.storyboard in Resources */ = {isa = PBXBuildFile; fileRef = CE2FA49D24ABD6B000336453 /* BreweriesListViewController.storyboard */; };
		CE2FA4A424ABD6B000336453 /* BreweriesListViewController.swift in Sources */ = {isa = PBXBuildFile; fileRef = CE2FA49E24ABD6B000336453 /* BreweriesListViewController.swift */; };
		CE2FA4A524ABD6B000336453 /* BreweriesListInteractor.swift in Sources */ = {isa = PBXBuildFile; fileRef = CE2FA49F24ABD6B000336453 /* BreweriesListInteractor.swift */; };
		CE2FA4A624ABD6B000336453 /* BreweriesList.swift in Sources */ = {isa = PBXBuildFile; fileRef = CE2FA4A024ABD6B000336453 /* BreweriesList.swift */; };
		CE2FA4A924ABD93D00336453 /* R.generated.swift in Sources */ = {isa = PBXBuildFile; fileRef = CE2FA4A824ABD93D00336453 /* R.generated.swift */; };
		CE46F1F624BF446D00BC1FEA /* ScreenEventsObserver.swift in Sources */ = {isa = PBXBuildFile; fileRef = CE46F1F424BF446D00BC1FEA /* ScreenEventsObserver.swift */; };
		CE46F1F724BF446D00BC1FEA /* IScreenEventsObserver.swift in Sources */ = {isa = PBXBuildFile; fileRef = CE46F1F524BF446D00BC1FEA /* IScreenEventsObserver.swift */; };
		CEB5BD0224ABDFD200CAE9C8 /* IViewLifeCycle.swift in Sources */ = {isa = PBXBuildFile; fileRef = CEB5BD0124ABDFD200CAE9C8 /* IViewLifeCycle.swift */; };
		CEB5BD0624ABEB7400CAE9C8 /* Constants.swift in Sources */ = {isa = PBXBuildFile; fileRef = CEB5BD0524ABEB7400CAE9C8 /* Constants.swift */; };
		CEB5BD0D24ABEEB100CAE9C8 /* UITextField+SetPlaceholder.swift in Sources */ = {isa = PBXBuildFile; fileRef = CEB5BD0724ABEEB100CAE9C8 /* UITextField+SetPlaceholder.swift */; };
		CEB5BD0E24ABEEB100CAE9C8 /* UIFont+CustomInitializer.swift in Sources */ = {isa = PBXBuildFile; fileRef = CEB5BD0824ABEEB100CAE9C8 /* UIFont+CustomInitializer.swift */; };
		CEB5BD0F24ABEEB100CAE9C8 /* UIColor+App.swift in Sources */ = {isa = PBXBuildFile; fileRef = CEB5BD0924ABEEB100CAE9C8 /* UIColor+App.swift */; };
		CEB5BD1024ABEEB100CAE9C8 /* UINavigationController+StatusBar.swift in Sources */ = {isa = PBXBuildFile; fileRef = CEB5BD0A24ABEEB100CAE9C8 /* UINavigationController+StatusBar.swift */; };
		CEB5BD1124ABEEB100CAE9C8 /* UISearchBar+TextFieldColor.swift in Sources */ = {isa = PBXBuildFile; fileRef = CEB5BD0B24ABEEB100CAE9C8 /* UISearchBar+TextFieldColor.swift */; };
		CEB5BD1224ABEEB100CAE9C8 /* UISearchBar+ColorChanging.swift in Sources */ = {isa = PBXBuildFile; fileRef = CEB5BD0C24ABEEB100CAE9C8 /* UISearchBar+ColorChanging.swift */; };
		CEB5BD1424ABEF6000CAE9C8 /* TextValidator.swift in Sources */ = {isa = PBXBuildFile; fileRef = CEB5BD1324ABEF6000CAE9C8 /* TextValidator.swift */; };
		CEB5BD1724ABEF9200CAE9C8 /* CustomError.swift in Sources */ = {isa = PBXBuildFile; fileRef = CEB5BD1524ABEF9200CAE9C8 /* CustomError.swift */; };
		CEB5BD1824ABEF9200CAE9C8 /* ValidationRules.swift in Sources */ = {isa = PBXBuildFile; fileRef = CEB5BD1624ABEF9200CAE9C8 /* ValidationRules.swift */; };
		CEB5BD1A24ABF1C500CAE9C8 /* Brewery.swift in Sources */ = {isa = PBXBuildFile; fileRef = CEB5BD1924ABF1C500CAE9C8 /* Brewery.swift */; };
		CEB5BD1C24ABF1F100CAE9C8 /* Aliases.swift in Sources */ = {isa = PBXBuildFile; fileRef = CEB5BD1B24ABF1F100CAE9C8 /* Aliases.swift */; };
		CEB5BD1F24ABF53A00CAE9C8 /* BreweriesDB.swift in Sources */ = {isa = PBXBuildFile; fileRef = CEB5BD1E24ABF53A00CAE9C8 /* BreweriesDB.swift */; };
		CEB5BD2124ABF54500CAE9C8 /* IBreweriesDB.swift in Sources */ = {isa = PBXBuildFile; fileRef = CEB5BD2024ABF54500CAE9C8 /* IBreweriesDB.swift */; };
		CED99AB924BF5D7A00D0851A /* UISearchBar+Placeholder.swift in Sources */ = {isa = PBXBuildFile; fileRef = CED99AB824BF5D7A00D0851A /* UISearchBar+Placeholder.swift */; };
		CED99ABB24BF8B8200D0851A /* SearchBar.swift in Sources */ = {isa = PBXBuildFile; fileRef = CED99ABA24BF8B8200D0851A /* SearchBar.swift */; };
/* End PBXBuildFile section */

/* Begin PBXFileReference section */
		6917C3C2C322E26E5393D828 /* Pods-breweries-list.release.xcconfig */ = {isa = PBXFileReference; includeInIndex = 1; lastKnownFileType = text.xcconfig; name = "Pods-breweries-list.release.xcconfig"; path = "Target Support Files/Pods-breweries-list/Pods-breweries-list.release.xcconfig"; sourceTree = "<group>"; };
		8C271D9C4FB36387335AB2E5 /* Pods_breweries_list.framework */ = {isa = PBXFileReference; explicitFileType = wrapper.framework; includeInIndex = 0; path = Pods_breweries_list.framework; sourceTree = BUILT_PRODUCTS_DIR; };
		CE09C6B824ACFAA400D8E092 /* ConfigurableCell.swift */ = {isa = PBXFileReference; fileEncoding = 4; lastKnownFileType = sourcecode.swift; path = ConfigurableCell.swift; sourceTree = "<group>"; };
		CE09C6BC24ACFB7900D8E092 /* BreweriesListCell.swift */ = {isa = PBXFileReference; lastKnownFileType = sourcecode.swift; path = BreweriesListCell.swift; sourceTree = "<group>"; };
		CE09C6BD24ACFB7900D8E092 /* BreweriesListCell.xib */ = {isa = PBXFileReference; lastKnownFileType = file.xib; path = BreweriesListCell.xib; sourceTree = "<group>"; };
		CE1CE81524ADDF100051678A /* BreweryRequest.swift */ = {isa = PBXFileReference; lastKnownFileType = sourcecode.swift; path = BreweryRequest.swift; sourceTree = "<group>"; };
		CE1CE81724ADE24B0051678A /* BreweriesManager.swift */ = {isa = PBXFileReference; lastKnownFileType = sourcecode.swift; path = BreweriesManager.swift; sourceTree = "<group>"; };
		CE1CE81924ADE2550051678A /* IBreweriesManager.swift */ = {isa = PBXFileReference; lastKnownFileType = sourcecode.swift; path = IBreweriesManager.swift; sourceTree = "<group>"; };
		CE1CE81C24ADE3800051678A /* BreweryError.swift */ = {isa = PBXFileReference; lastKnownFileType = sourcecode.swift; path = BreweryError.swift; sourceTree = "<group>"; };
		CE2FA46C24ABAC7600336453 /* breweries-list.app */ = {isa = PBXFileReference; explicitFileType = wrapper.application; includeInIndex = 0; path = "breweries-list.app"; sourceTree = BUILT_PRODUCTS_DIR; };
		CE2FA46F24ABAC7600336453 /* AppDelegate.swift */ = {isa = PBXFileReference; lastKnownFileType = sourcecode.swift; path = AppDelegate.swift; sourceTree = "<group>"; };
		CE2FA47124ABAC7600336453 /* SceneDelegate.swift */ = {isa = PBXFileReference; lastKnownFileType = sourcecode.swift; path = SceneDelegate.swift; sourceTree = "<group>"; };
		CE2FA47824ABAC7900336453 /* Assets.xcassets */ = {isa = PBXFileReference; lastKnownFileType = folder.assetcatalog; path = Assets.xcassets; sourceTree = "<group>"; };
		CE2FA47B24ABAC7900336453 /* Base */ = {isa = PBXFileReference; lastKnownFileType = file.storyboard; name = Base; path = Base.lproj/LaunchScreen.storyboard; sourceTree = "<group>"; };
		CE2FA47D24ABAC7900336453 /* Info.plist */ = {isa = PBXFileReference; lastKnownFileType = text.plist.xml; path = Info.plist; sourceTree = "<group>"; };
		CE2FA48E24ABD63D00336453 /* SplashPresenter.swift */ = {isa = PBXFileReference; lastKnownFileType = sourcecode.swift; path = SplashPresenter.swift; sourceTree = "<group>"; };
		CE2FA48F24ABD63D00336453 /* SplashRouter.swift */ = {isa = PBXFileReference; lastKnownFileType = sourcecode.swift; path = SplashRouter.swift; sourceTree = "<group>"; };
		CE2FA49024ABD63D00336453 /* SplashViewController.storyboard */ = {isa = PBXFileReference; lastKnownFileType = file.storyboard; path = SplashViewController.storyboard; sourceTree = "<group>"; };
		CE2FA49124ABD63D00336453 /* SplashViewController.swift */ = {isa = PBXFileReference; lastKnownFileType = sourcecode.swift; path = SplashViewController.swift; sourceTree = "<group>"; };
		CE2FA49224ABD63D00336453 /* SplashInteractor.swift */ = {isa = PBXFileReference; lastKnownFileType = sourcecode.swift; path = SplashInteractor.swift; sourceTree = "<group>"; };
		CE2FA49324ABD63D00336453 /* Splash.swift */ = {isa = PBXFileReference; lastKnownFileType = sourcecode.swift; path = Splash.swift; sourceTree = "<group>"; };
		CE2FA49B24ABD6B000336453 /* BreweriesListPresenter.swift */ = {isa = PBXFileReference; lastKnownFileType = sourcecode.swift; path = BreweriesListPresenter.swift; sourceTree = "<group>"; };
		CE2FA49C24ABD6B000336453 /* BreweriesListRouter.swift */ = {isa = PBXFileReference; lastKnownFileType = sourcecode.swift; path = BreweriesListRouter.swift; sourceTree = "<group>"; };
		CE2FA49D24ABD6B000336453 /* BreweriesListViewController.storyboard */ = {isa = PBXFileReference; lastKnownFileType = file.storyboard; path = BreweriesListViewController.storyboard; sourceTree = "<group>"; };
		CE2FA49E24ABD6B000336453 /* BreweriesListViewController.swift */ = {isa = PBXFileReference; lastKnownFileType = sourcecode.swift; path = BreweriesListViewController.swift; sourceTree = "<group>"; };
		CE2FA49F24ABD6B000336453 /* BreweriesListInteractor.swift */ = {isa = PBXFileReference; lastKnownFileType = sourcecode.swift; path = BreweriesListInteractor.swift; sourceTree = "<group>"; };
		CE2FA4A024ABD6B000336453 /* BreweriesList.swift */ = {isa = PBXFileReference; lastKnownFileType = sourcecode.swift; path = BreweriesList.swift; sourceTree = "<group>"; };
		CE2FA4A824ABD93D00336453 /* R.generated.swift */ = {isa = PBXFileReference; fileEncoding = 4; lastKnownFileType = sourcecode.swift; path = R.generated.swift; sourceTree = "<group>"; };
		CE46F1F424BF446D00BC1FEA /* ScreenEventsObserver.swift */ = {isa = PBXFileReference; fileEncoding = 4; lastKnownFileType = sourcecode.swift; path = ScreenEventsObserver.swift; sourceTree = "<group>"; };
		CE46F1F524BF446D00BC1FEA /* IScreenEventsObserver.swift */ = {isa = PBXFileReference; fileEncoding = 4; lastKnownFileType = sourcecode.swift; path = IScreenEventsObserver.swift; sourceTree = "<group>"; };
		CEB5BD0124ABDFD200CAE9C8 /* IViewLifeCycle.swift */ = {isa = PBXFileReference; fileEncoding = 4; lastKnownFileType = sourcecode.swift; path = IViewLifeCycle.swift; sourceTree = "<group>"; };
		CEB5BD0524ABEB7400CAE9C8 /* Constants.swift */ = {isa = PBXFileReference; lastKnownFileType = sourcecode.swift; path = Constants.swift; sourceTree = "<group>"; };
		CEB5BD0724ABEEB100CAE9C8 /* UITextField+SetPlaceholder.swift */ = {isa = PBXFileReference; fileEncoding = 4; lastKnownFileType = sourcecode.swift; path = "UITextField+SetPlaceholder.swift"; sourceTree = "<group>"; };
		CEB5BD0824ABEEB100CAE9C8 /* UIFont+CustomInitializer.swift */ = {isa = PBXFileReference; fileEncoding = 4; lastKnownFileType = sourcecode.swift; path = "UIFont+CustomInitializer.swift"; sourceTree = "<group>"; };
		CEB5BD0924ABEEB100CAE9C8 /* UIColor+App.swift */ = {isa = PBXFileReference; fileEncoding = 4; lastKnownFileType = sourcecode.swift; path = "UIColor+App.swift"; sourceTree = "<group>"; };
		CEB5BD0A24ABEEB100CAE9C8 /* UINavigationController+StatusBar.swift */ = {isa = PBXFileReference; fileEncoding = 4; lastKnownFileType = sourcecode.swift; path = "UINavigationController+StatusBar.swift"; sourceTree = "<group>"; };
		CEB5BD0B24ABEEB100CAE9C8 /* UISearchBar+TextFieldColor.swift */ = {isa = PBXFileReference; fileEncoding = 4; lastKnownFileType = sourcecode.swift; path = "UISearchBar+TextFieldColor.swift"; sourceTree = "<group>"; };
		CEB5BD0C24ABEEB100CAE9C8 /* UISearchBar+ColorChanging.swift */ = {isa = PBXFileReference; fileEncoding = 4; lastKnownFileType = sourcecode.swift; path = "UISearchBar+ColorChanging.swift"; sourceTree = "<group>"; };
		CEB5BD1324ABEF6000CAE9C8 /* TextValidator.swift */ = {isa = PBXFileReference; fileEncoding = 4; lastKnownFileType = sourcecode.swift; path = TextValidator.swift; sourceTree = "<group>"; };
		CEB5BD1524ABEF9200CAE9C8 /* CustomError.swift */ = {isa = PBXFileReference; fileEncoding = 4; lastKnownFileType = sourcecode.swift; name = CustomError.swift; path = "breweries-list/Model/CustomError.swift"; sourceTree = SOURCE_ROOT; };
		CEB5BD1624ABEF9200CAE9C8 /* ValidationRules.swift */ = {isa = PBXFileReference; fileEncoding = 4; lastKnownFileType = sourcecode.swift; name = ValidationRules.swift; path = "breweries-list/Model/ValidationRules.swift"; sourceTree = SOURCE_ROOT; };
		CEB5BD1924ABF1C500CAE9C8 /* Brewery.swift */ = {isa = PBXFileReference; lastKnownFileType = sourcecode.swift; path = Brewery.swift; sourceTree = "<group>"; };
		CEB5BD1B24ABF1F100CAE9C8 /* Aliases.swift */ = {isa = PBXFileReference; lastKnownFileType = sourcecode.swift; path = Aliases.swift; sourceTree = "<group>"; };
		CEB5BD1E24ABF53A00CAE9C8 /* BreweriesDB.swift */ = {isa = PBXFileReference; lastKnownFileType = sourcecode.swift; path = BreweriesDB.swift; sourceTree = "<group>"; };
		CEB5BD2024ABF54500CAE9C8 /* IBreweriesDB.swift */ = {isa = PBXFileReference; lastKnownFileType = sourcecode.swift; path = IBreweriesDB.swift; sourceTree = "<group>"; };
		CED99AB824BF5D7A00D0851A /* UISearchBar+Placeholder.swift */ = {isa = PBXFileReference; lastKnownFileType = sourcecode.swift; path = "UISearchBar+Placeholder.swift"; sourceTree = "<group>"; };
		CED99ABA24BF8B8200D0851A /* SearchBar.swift */ = {isa = PBXFileReference; lastKnownFileType = sourcecode.swift; path = SearchBar.swift; sourceTree = "<group>"; };
		F90E0535AFBFF51491ABB373 /* Pods-breweries-list.debug.xcconfig */ = {isa = PBXFileReference; includeInIndex = 1; lastKnownFileType = text.xcconfig; name = "Pods-breweries-list.debug.xcconfig"; path = "Target Support Files/Pods-breweries-list/Pods-breweries-list.debug.xcconfig"; sourceTree = "<group>"; };
/* End PBXFileReference section */

/* Begin PBXFrameworksBuildPhase section */
		CE2FA46924ABAC7600336453 /* Frameworks */ = {
			isa = PBXFrameworksBuildPhase;
			buildActionMask = 2147483647;
			files = (
				42E0FDD30C22085FBDB81020 /* Pods_breweries_list.framework in Frameworks */,
			);
			runOnlyForDeploymentPostprocessing = 0;
		};
/* End PBXFrameworksBuildPhase section */

/* Begin PBXGroup section */
		806992267AB97A898DD64FC5 /* Pods */ = {
			isa = PBXGroup;
			children = (
				F90E0535AFBFF51491ABB373 /* Pods-breweries-list.debug.xcconfig */,
				6917C3C2C322E26E5393D828 /* Pods-breweries-list.release.xcconfig */,
			);
			path = Pods;
			sourceTree = "<group>";
		};
		9B831440FD83577D39560151 /* Frameworks */ = {
			isa = PBXGroup;
			children = (
				8C271D9C4FB36387335AB2E5 /* Pods_breweries_list.framework */,
			);
			name = Frameworks;
			sourceTree = "<group>";
		};
		CE09C6BA24ACFB1600D8E092 /* Cell */ = {
			isa = PBXGroup;
			children = (
				CE09C6BB24ACFB5E00D8E092 /* BreweriesListCell */,
			);
			path = Cell;
			sourceTree = "<group>";
		};
		CE09C6BB24ACFB5E00D8E092 /* BreweriesListCell */ = {
			isa = PBXGroup;
			children = (
				CE09C6BC24ACFB7900D8E092 /* BreweriesListCell.swift */,
				CE09C6BD24ACFB7900D8E092 /* BreweriesListCell.xib */,
			);
			path = BreweriesListCell;
			sourceTree = "<group>";
		};
		CE1CE81B24ADE2580051678A /* BreweriesManager */ = {
			isa = PBXGroup;
			children = (
				CE1CE81924ADE2550051678A /* IBreweriesManager.swift */,
				CE1CE81724ADE24B0051678A /* BreweriesManager.swift */,
			);
			path = BreweriesManager;
			sourceTree = "<group>";
		};
		CE2FA46324ABAC7600336453 = {
			isa = PBXGroup;
			children = (
				CE2FA46E24ABAC7600336453 /* breweries-list */,
				CE2FA46D24ABAC7600336453 /* Products */,
				806992267AB97A898DD64FC5 /* Pods */,
				9B831440FD83577D39560151 /* Frameworks */,
			);
			sourceTree = "<group>";
		};
		CE2FA46D24ABAC7600336453 /* Products */ = {
			isa = PBXGroup;
			children = (
				CE2FA46C24ABAC7600336453 /* breweries-list.app */,
			);
			name = Products;
			sourceTree = "<group>";
		};
		CE2FA46E24ABAC7600336453 /* breweries-list */ = {
			isa = PBXGroup;
			children = (
				CE2FA48B24ABAD6900336453 /* Application */,
				CE2FA48324ABACBD00336453 /* Model */,
				CE2FA48724ABACDA00336453 /* Utilities */,
				CE2FA48924ABACF900336453 /* Modules */,
				CE2FA48824ABACE600336453 /* View */,
				CE2FA48C24ABAD8400336453 /* Extensions */,
				CE2FA48424ABACC100336453 /* Library */,
				CE2FA48A24ABAD5C00336453 /* Resources */,
				CE2FA47D24ABAC7900336453 /* Info.plist */,
			);
			path = "breweries-list";
			sourceTree = "<group>";
		};
		CE2FA48324ABACBD00336453 /* Model */ = {
			isa = PBXGroup;
			children = (
				CEB5BD1924ABF1C500CAE9C8 /* Brewery.swift */,
				CE1CE81524ADDF100051678A /* BreweryRequest.swift */,
			);
			path = Model;
			sourceTree = "<group>";
		};
		CE2FA48424ABACC100336453 /* Library */ = {
			isa = PBXGroup;
			children = (
				CE2FA48624ABACCE00336453 /* Sevices */,
				CE2FA48524ABACC900336453 /* Helpers */,
			);
			path = Library;
			sourceTree = "<group>";
		};
		CE2FA48524ABACC900336453 /* Helpers */ = {
			isa = PBXGroup;
			children = (
				CE46F1F324BF446D00BC1FEA /* ScreenEventsObserver */,
				CEB5BD1324ABEF6000CAE9C8 /* TextValidator.swift */,
				CEB5BD0124ABDFD200CAE9C8 /* IViewLifeCycle.swift */,
			);
			path = Helpers;
			sourceTree = "<group>";
		};
		CE2FA48624ABACCE00336453 /* Sevices */ = {
			isa = PBXGroup;
			children = (
				CEB5BD1D24ABF51000CAE9C8 /* BreweriesDB */,
				CE1CE81B24ADE2580051678A /* BreweriesManager */,
			);
			path = Sevices;
			sourceTree = "<group>";
		};
		CE2FA48724ABACDA00336453 /* Utilities */ = {
			isa = PBXGroup;
			children = (
				CEB5BD1524ABEF9200CAE9C8 /* CustomError.swift */,
				CEB5BD1624ABEF9200CAE9C8 /* ValidationRules.swift */,
				CEB5BD0524ABEB7400CAE9C8 /* Constants.swift */,
				CEB5BD1B24ABF1F100CAE9C8 /* Aliases.swift */,
				CE09C6B824ACFAA400D8E092 /* ConfigurableCell.swift */,
				CE1CE81C24ADE3800051678A /* BreweryError.swift */,
			);
			path = Utilities;
			sourceTree = "<group>";
		};
		CE2FA48824ABACE600336453 /* View */ = {
			isa = PBXGroup;
			children = (
				CE09C6BA24ACFB1600D8E092 /* Cell */,
				CE2FA47A24ABAC7900336453 /* LaunchScreen.storyboard */,
				CED99ABA24BF8B8200D0851A /* SearchBar.swift */,
			);
			path = View;
			sourceTree = "<group>";
		};
		CE2FA48924ABACF900336453 /* Modules */ = {
			isa = PBXGroup;
			children = (
				CE2FA48D24ABD62D00336453 /* Splash */,
				CE2FA49A24ABD6A000336453 /* BreweriesList */,
			);
			path = Modules;
			sourceTree = "<group>";
		};
		CE2FA48A24ABAD5C00336453 /* Resources */ = {
			isa = PBXGroup;
			children = (
				CE2FA4A824ABD93D00336453 /* R.generated.swift */,
				CE2FA47824ABAC7900336453 /* Assets.xcassets */,
			);
			path = Resources;
			sourceTree = "<group>";
		};
		CE2FA48B24ABAD6900336453 /* Application */ = {
			isa = PBXGroup;
			children = (
				CE2FA46F24ABAC7600336453 /* AppDelegate.swift */,
				CE2FA47124ABAC7600336453 /* SceneDelegate.swift */,
			);
			path = Application;
			sourceTree = "<group>";
		};
		CE2FA48C24ABAD8400336453 /* Extensions */ = {
			isa = PBXGroup;
			children = (
				CEB5BD0924ABEEB100CAE9C8 /* UIColor+App.swift */,
				CEB5BD0824ABEEB100CAE9C8 /* UIFont+CustomInitializer.swift */,
				CEB5BD0A24ABEEB100CAE9C8 /* UINavigationController+StatusBar.swift */,
				CEB5BD0C24ABEEB100CAE9C8 /* UISearchBar+ColorChanging.swift */,
				CED99AB824BF5D7A00D0851A /* UISearchBar+Placeholder.swift */,
				CEB5BD0B24ABEEB100CAE9C8 /* UISearchBar+TextFieldColor.swift */,
				CEB5BD0724ABEEB100CAE9C8 /* UITextField+SetPlaceholder.swift */,
			);
			path = Extensions;
			sourceTree = "<group>";
		};
		CE2FA48D24ABD62D00336453 /* Splash */ = {
			isa = PBXGroup;
			children = (
				CE2FA48E24ABD63D00336453 /* SplashPresenter.swift */,
				CE2FA48F24ABD63D00336453 /* SplashRouter.swift */,
				CE2FA49024ABD63D00336453 /* SplashViewController.storyboard */,
				CE2FA49124ABD63D00336453 /* SplashViewController.swift */,
				CE2FA49224ABD63D00336453 /* SplashInteractor.swift */,
				CE2FA49324ABD63D00336453 /* Splash.swift */,
			);
			path = Splash;
			sourceTree = "<group>";
		};
		CE2FA49A24ABD6A000336453 /* BreweriesList */ = {
			isa = PBXGroup;
			children = (
				CE2FA49B24ABD6B000336453 /* BreweriesListPresenter.swift */,
				CE2FA49C24ABD6B000336453 /* BreweriesListRouter.swift */,
				CE2FA49D24ABD6B000336453 /* BreweriesListViewController.storyboard */,
				CE2FA49E24ABD6B000336453 /* BreweriesListViewController.swift */,
				CE2FA49F24ABD6B000336453 /* BreweriesListInteractor.swift */,
				CE2FA4A024ABD6B000336453 /* BreweriesList.swift */,
			);
			path = BreweriesList;
			sourceTree = "<group>";
		};
		CE46F1F324BF446D00BC1FEA /* ScreenEventsObserver */ = {
			isa = PBXGroup;
			children = (
				CE46F1F424BF446D00BC1FEA /* ScreenEventsObserver.swift */,
				CE46F1F524BF446D00BC1FEA /* IScreenEventsObserver.swift */,
			);
			path = ScreenEventsObserver;
			sourceTree = "<group>";
		};
		CEB5BD1D24ABF51000CAE9C8 /* BreweriesDB */ = {
			isa = PBXGroup;
			children = (
				CEB5BD2024ABF54500CAE9C8 /* IBreweriesDB.swift */,
				CEB5BD1E24ABF53A00CAE9C8 /* BreweriesDB.swift */,
			);
			path = BreweriesDB;
			sourceTree = "<group>";
		};
/* End PBXGroup section */

/* Begin PBXNativeTarget section */
		CE2FA46B24ABAC7600336453 /* breweries-list */ = {
			isa = PBXNativeTarget;
			buildConfigurationList = CE2FA48024ABAC7900336453 /* Build configuration list for PBXNativeTarget "breweries-list" */;
			buildPhases = (
				142F815DDDCDC9E73A55D2AA /* [CP] Check Pods Manifest.lock */,
				CE2FA4A724ABD8E600336453 /* Rswift */,
				CE2FA46824ABAC7600336453 /* Sources */,
				CE2FA46924ABAC7600336453 /* Frameworks */,
				CE2FA46A24ABAC7600336453 /* Resources */,
				9D06D0659D7D289AC2503632 /* [CP] Embed Pods Frameworks */,
			);
			buildRules = (
			);
			dependencies = (
			);
			name = "breweries-list";
			productName = "breweries-list";
			productReference = CE2FA46C24ABAC7600336453 /* breweries-list.app */;
			productType = "com.apple.product-type.application";
		};
/* End PBXNativeTarget section */

/* Begin PBXProject section */
		CE2FA46424ABAC7600336453 /* Project object */ = {
			isa = PBXProject;
			attributes = {
				LastSwiftUpdateCheck = 1130;
				LastUpgradeCheck = 1130;
				ORGANIZATIONNAME = vladimir.kuzomenskyi;
				TargetAttributes = {
					CE2FA46B24ABAC7600336453 = {
						CreatedOnToolsVersion = 11.3.1;
					};
				};
			};
			buildConfigurationList = CE2FA46724ABAC7600336453 /* Build configuration list for PBXProject "breweries-list" */;
			compatibilityVersion = "Xcode 9.3";
			developmentRegion = en;
			hasScannedForEncodings = 0;
			knownRegions = (
				en,
				Base,
			);
			mainGroup = CE2FA46324ABAC7600336453;
			productRefGroup = CE2FA46D24ABAC7600336453 /* Products */;
			projectDirPath = "";
			projectRoot = "";
			targets = (
				CE2FA46B24ABAC7600336453 /* breweries-list */,
			);
		};
/* End PBXProject section */

/* Begin PBXResourcesBuildPhase section */
		CE2FA46A24ABAC7600336453 /* Resources */ = {
			isa = PBXResourcesBuildPhase;
			buildActionMask = 2147483647;
			files = (
				CE09C6BF24ACFB7900D8E092 /* BreweriesListCell.xib in Resources */,
				CE2FA4A324ABD6B000336453 /* BreweriesListViewController.storyboard in Resources */,
				CE2FA47C24ABAC7900336453 /* LaunchScreen.storyboard in Resources */,
				CE2FA49624ABD63D00336453 /* SplashViewController.storyboard in Resources */,
				CE2FA47924ABAC7900336453 /* Assets.xcassets in Resources */,
			);
			runOnlyForDeploymentPostprocessing = 0;
		};
/* End PBXResourcesBuildPhase section */

/* Begin PBXShellScriptBuildPhase section */
		142F815DDDCDC9E73A55D2AA /* [CP] Check Pods Manifest.lock */ = {
			isa = PBXShellScriptBuildPhase;
			buildActionMask = 2147483647;
			files = (
			);
			inputFileListPaths = (
			);
			inputPaths = (
				"${PODS_PODFILE_DIR_PATH}/Podfile.lock",
				"${PODS_ROOT}/Manifest.lock",
			);
			name = "[CP] Check Pods Manifest.lock";
			outputFileListPaths = (
			);
			outputPaths = (
				"$(DERIVED_FILE_DIR)/Pods-breweries-list-checkManifestLockResult.txt",
			);
			runOnlyForDeploymentPostprocessing = 0;
			shellPath = /bin/sh;
			shellScript = "diff \"${PODS_PODFILE_DIR_PATH}/Podfile.lock\" \"${PODS_ROOT}/Manifest.lock\" > /dev/null\nif [ $? != 0 ] ; then\n    # print error to STDERR\n    echo \"error: The sandbox is not in sync with the Podfile.lock. Run 'pod install' or update your CocoaPods installation.\" >&2\n    exit 1\nfi\n# This output is used by Xcode 'outputs' to avoid re-running this script phase.\necho \"SUCCESS\" > \"${SCRIPT_OUTPUT_FILE_0}\"\n";
			showEnvVarsInLog = 0;
		};
		9D06D0659D7D289AC2503632 /* [CP] Embed Pods Frameworks */ = {
			isa = PBXShellScriptBuildPhase;
			buildActionMask = 2147483647;
			files = (
			);
			inputFileListPaths = (
				"${PODS_ROOT}/Target Support Files/Pods-breweries-list/Pods-breweries-list-frameworks-${CONFIGURATION}-input-files.xcfilelist",
			);
			name = "[CP] Embed Pods Frameworks";
			outputFileListPaths = (
				"${PODS_ROOT}/Target Support Files/Pods-breweries-list/Pods-breweries-list-frameworks-${CONFIGURATION}-output-files.xcfilelist",
			);
			runOnlyForDeploymentPostprocessing = 0;
			shellPath = /bin/sh;
			shellScript = "\"${PODS_ROOT}/Target Support Files/Pods-breweries-list/Pods-breweries-list-frameworks.sh\"\n";
			showEnvVarsInLog = 0;
		};
		CE2FA4A724ABD8E600336453 /* Rswift */ = {
			isa = PBXShellScriptBuildPhase;
			buildActionMask = 2147483647;
			files = (
			);
			inputFileListPaths = (
			);
			inputPaths = (
				"$TEMP_DIR/rswift-lastrun",
			);
			name = Rswift;
			outputFileListPaths = (
			);
			outputPaths = (
				"$(SRCROOT)/breweries-list/Resources/R.generated.swift",
			);
			runOnlyForDeploymentPostprocessing = 0;
			shellPath = /bin/sh;
			shellScript = "\"$PODS_ROOT/R.swift/rswift\" generate \"$SRCROOT/breweries-list/Resources/R.generated.swift\"\n";
		};
/* End PBXShellScriptBuildPhase section */

/* Begin PBXSourcesBuildPhase section */
		CE2FA46824ABAC7600336453 /* Sources */ = {
			isa = PBXSourcesBuildPhase;
			buildActionMask = 2147483647;
			files = (
				CEB5BD1724ABEF9200CAE9C8 /* CustomError.swift in Sources */,
				CE2FA4A524ABD6B000336453 /* BreweriesListInteractor.swift in Sources */,
				CEB5BD1224ABEEB100CAE9C8 /* UISearchBar+ColorChanging.swift in Sources */,
				CEB5BD1A24ABF1C500CAE9C8 /* Brewery.swift in Sources */,
				CEB5BD1F24ABF53A00CAE9C8 /* BreweriesDB.swift in Sources */,
				CE2FA49924ABD63D00336453 /* Splash.swift in Sources */,
				CE2FA47024ABAC7600336453 /* AppDelegate.swift in Sources */,
				CEB5BD0224ABDFD200CAE9C8 /* IViewLifeCycle.swift in Sources */,
				CEB5BD1824ABEF9200CAE9C8 /* ValidationRules.swift in Sources */,
				CE2FA49824ABD63D00336453 /* SplashInteractor.swift in Sources */,
				CE2FA4A124ABD6B000336453 /* BreweriesListPresenter.swift in Sources */,
				CEB5BD1024ABEEB100CAE9C8 /* UINavigationController+StatusBar.swift in Sources */,
				CE1CE81A24ADE2550051678A /* IBreweriesManager.swift in Sources */,
				CE2FA4A224ABD6B000336453 /* BreweriesListRouter.swift in Sources */,
				CE2FA4A924ABD93D00336453 /* R.generated.swift in Sources */,
				CED99ABB24BF8B8200D0851A /* SearchBar.swift in Sources */,
				CE09C6BE24ACFB7900D8E092 /* BreweriesListCell.swift in Sources */,
				CEB5BD0D24ABEEB100CAE9C8 /* UITextField+SetPlaceholder.swift in Sources */,
				CE2FA49524ABD63D00336453 /* SplashRouter.swift in Sources */,
				CE2FA47224ABAC7600336453 /* SceneDelegate.swift in Sources */,
				CEB5BD1C24ABF1F100CAE9C8 /* Aliases.swift in Sources */,
				CEB5BD0F24ABEEB100CAE9C8 /* UIColor+App.swift in Sources */,
				CE1CE81824ADE24B0051678A /* BreweriesManager.swift in Sources */,
				CE2FA49424ABD63D00336453 /* SplashPresenter.swift in Sources */,
				CEB5BD2124ABF54500CAE9C8 /* IBreweriesDB.swift in Sources */,
				CE46F1F724BF446D00BC1FEA /* IScreenEventsObserver.swift in Sources */,
				CEB5BD1124ABEEB100CAE9C8 /* UISearchBar+TextFieldColor.swift in Sources */,
				CEB5BD0E24ABEEB100CAE9C8 /* UIFont+CustomInitializer.swift in Sources */,
				CED99AB924BF5D7A00D0851A /* UISearchBar+Placeholder.swift in Sources */,
				CEB5BD1424ABEF6000CAE9C8 /* TextValidator.swift in Sources */,
				CE09C6B924ACFAA400D8E092 /* ConfigurableCell.swift in Sources */,
				CE2FA49724ABD63D00336453 /* SplashViewController.swift in Sources */,
				CE1CE81D24ADE3800051678A /* BreweryError.swift in Sources */,
				CE2FA4A624ABD6B000336453 /* BreweriesList.swift in Sources */,
				CE1CE81624ADDF100051678A /* BreweryRequest.swift in Sources */,
				CE2FA4A424ABD6B000336453 /* BreweriesListViewController.swift in Sources */,
				CEB5BD0624ABEB7400CAE9C8 /* Constants.swift in Sources */,
				CE46F1F624BF446D00BC1FEA /* ScreenEventsObserver.swift in Sources */,
			);
			runOnlyForDeploymentPostprocessing = 0;
		};
/* End PBXSourcesBuildPhase section */

/* Begin PBXVariantGroup section */
		CE2FA47A24ABAC7900336453 /* LaunchScreen.storyboard */ = {
			isa = PBXVariantGroup;
			children = (
				CE2FA47B24ABAC7900336453 /* Base */,
			);
			name = LaunchScreen.storyboard;
			sourceTree = "<group>";
		};
/* End PBXVariantGroup section */

/* Begin XCBuildConfiguration section */
		CE2FA47E24ABAC7900336453 /* Debug */ = {
			isa = XCBuildConfiguration;
			buildSettings = {
				ALWAYS_SEARCH_USER_PATHS = NO;
				CLANG_ANALYZER_NONNULL = YES;
				CLANG_ANALYZER_NUMBER_OBJECT_CONVERSION = YES_AGGRESSIVE;
				CLANG_CXX_LANGUAGE_STANDARD = "gnu++14";
				CLANG_CXX_LIBRARY = "libc++";
				CLANG_ENABLE_MODULES = YES;
				CLANG_ENABLE_OBJC_ARC = YES;
				CLANG_ENABLE_OBJC_WEAK = YES;
				CLANG_WARN_BLOCK_CAPTURE_AUTORELEASING = YES;
				CLANG_WARN_BOOL_CONVERSION = YES;
				CLANG_WARN_COMMA = YES;
				CLANG_WARN_CONSTANT_CONVERSION = YES;
				CLANG_WARN_DEPRECATED_OBJC_IMPLEMENTATIONS = YES;
				CLANG_WARN_DIRECT_OBJC_ISA_USAGE = YES_ERROR;
				CLANG_WARN_DOCUMENTATION_COMMENTS = YES;
				CLANG_WARN_EMPTY_BODY = YES;
				CLANG_WARN_ENUM_CONVERSION = YES;
				CLANG_WARN_INFINITE_RECURSION = YES;
				CLANG_WARN_INT_CONVERSION = YES;
				CLANG_WARN_NON_LITERAL_NULL_CONVERSION = YES;
				CLANG_WARN_OBJC_IMPLICIT_RETAIN_SELF = YES;
				CLANG_WARN_OBJC_LITERAL_CONVERSION = YES;
				CLANG_WARN_OBJC_ROOT_CLASS = YES_ERROR;
				CLANG_WARN_RANGE_LOOP_ANALYSIS = YES;
				CLANG_WARN_STRICT_PROTOTYPES = YES;
				CLANG_WARN_SUSPICIOUS_MOVE = YES;
				CLANG_WARN_UNGUARDED_AVAILABILITY = YES_AGGRESSIVE;
				CLANG_WARN_UNREACHABLE_CODE = YES;
				CLANG_WARN__DUPLICATE_METHOD_MATCH = YES;
				COPY_PHASE_STRIP = NO;
				DEBUG_INFORMATION_FORMAT = dwarf;
				ENABLE_STRICT_OBJC_MSGSEND = YES;
				ENABLE_TESTABILITY = YES;
				GCC_C_LANGUAGE_STANDARD = gnu11;
				GCC_DYNAMIC_NO_PIC = NO;
				GCC_NO_COMMON_BLOCKS = YES;
				GCC_OPTIMIZATION_LEVEL = 0;
				GCC_PREPROCESSOR_DEFINITIONS = (
					"DEBUG=1",
					"$(inherited)",
				);
				GCC_WARN_64_TO_32_BIT_CONVERSION = YES;
				GCC_WARN_ABOUT_RETURN_TYPE = YES_ERROR;
				GCC_WARN_UNDECLARED_SELECTOR = YES;
				GCC_WARN_UNINITIALIZED_AUTOS = YES_AGGRESSIVE;
				GCC_WARN_UNUSED_FUNCTION = YES;
				GCC_WARN_UNUSED_VARIABLE = YES;
				IPHONEOS_DEPLOYMENT_TARGET = 13.2;
				MTL_ENABLE_DEBUG_INFO = INCLUDE_SOURCE;
				MTL_FAST_MATH = YES;
				ONLY_ACTIVE_ARCH = YES;
				SDKROOT = iphoneos;
				SWIFT_ACTIVE_COMPILATION_CONDITIONS = DEBUG;
				SWIFT_OPTIMIZATION_LEVEL = "-Onone";
			};
			name = Debug;
		};
		CE2FA47F24ABAC7900336453 /* Release */ = {
			isa = XCBuildConfiguration;
			buildSettings = {
				ALWAYS_SEARCH_USER_PATHS = NO;
				CLANG_ANALYZER_NONNULL = YES;
				CLANG_ANALYZER_NUMBER_OBJECT_CONVERSION = YES_AGGRESSIVE;
				CLANG_CXX_LANGUAGE_STANDARD = "gnu++14";
				CLANG_CXX_LIBRARY = "libc++";
				CLANG_ENABLE_MODULES = YES;
				CLANG_ENABLE_OBJC_ARC = YES;
				CLANG_ENABLE_OBJC_WEAK = YES;
				CLANG_WARN_BLOCK_CAPTURE_AUTORELEASING = YES;
				CLANG_WARN_BOOL_CONVERSION = YES;
				CLANG_WARN_COMMA = YES;
				CLANG_WARN_CONSTANT_CONVERSION = YES;
				CLANG_WARN_DEPRECATED_OBJC_IMPLEMENTATIONS = YES;
				CLANG_WARN_DIRECT_OBJC_ISA_USAGE = YES_ERROR;
				CLANG_WARN_DOCUMENTATION_COMMENTS = YES;
				CLANG_WARN_EMPTY_BODY = YES;
				CLANG_WARN_ENUM_CONVERSION = YES;
				CLANG_WARN_INFINITE_RECURSION = YES;
				CLANG_WARN_INT_CONVERSION = YES;
				CLANG_WARN_NON_LITERAL_NULL_CONVERSION = YES;
				CLANG_WARN_OBJC_IMPLICIT_RETAIN_SELF = YES;
				CLANG_WARN_OBJC_LITERAL_CONVERSION = YES;
				CLANG_WARN_OBJC_ROOT_CLASS = YES_ERROR;
				CLANG_WARN_RANGE_LOOP_ANALYSIS = YES;
				CLANG_WARN_STRICT_PROTOTYPES = YES;
				CLANG_WARN_SUSPICIOUS_MOVE = YES;
				CLANG_WARN_UNGUARDED_AVAILABILITY = YES_AGGRESSIVE;
				CLANG_WARN_UNREACHABLE_CODE = YES;
				CLANG_WARN__DUPLICATE_METHOD_MATCH = YES;
				COPY_PHASE_STRIP = NO;
				DEBUG_INFORMATION_FORMAT = "dwarf-with-dsym";
				ENABLE_NS_ASSERTIONS = NO;
				ENABLE_STRICT_OBJC_MSGSEND = YES;
				GCC_C_LANGUAGE_STANDARD = gnu11;
				GCC_NO_COMMON_BLOCKS = YES;
				GCC_WARN_64_TO_32_BIT_CONVERSION = YES;
				GCC_WARN_ABOUT_RETURN_TYPE = YES_ERROR;
				GCC_WARN_UNDECLARED_SELECTOR = YES;
				GCC_WARN_UNINITIALIZED_AUTOS = YES_AGGRESSIVE;
				GCC_WARN_UNUSED_FUNCTION = YES;
				GCC_WARN_UNUSED_VARIABLE = YES;
				IPHONEOS_DEPLOYMENT_TARGET = 13.2;
				MTL_ENABLE_DEBUG_INFO = NO;
				MTL_FAST_MATH = YES;
				SDKROOT = iphoneos;
				SWIFT_COMPILATION_MODE = wholemodule;
				SWIFT_OPTIMIZATION_LEVEL = "-O";
				VALIDATE_PRODUCT = YES;
			};
			name = Release;
		};
		CE2FA48124ABAC7900336453 /* Debug */ = {
			isa = XCBuildConfiguration;
			baseConfigurationReference = F90E0535AFBFF51491ABB373 /* Pods-breweries-list.debug.xcconfig */;
			buildSettings = {
				ASSETCATALOG_COMPILER_APPICON_NAME = AppIcon;
				CODE_SIGN_STYLE = Automatic;
				DEVELOPMENT_TEAM = U423AZVUP6;
				INFOPLIST_FILE = "breweries-list/Info.plist";
				IPHONEOS_DEPLOYMENT_TARGET = 12.0;
				LD_RUNPATH_SEARCH_PATHS = (
					"$(inherited)",
					"@executable_path/Frameworks",
				);
				PRODUCT_BUNDLE_IDENTIFIER = "vladimir.kuzomenskyi.breweries-list1";
				PRODUCT_NAME = "$(TARGET_NAME)";
				SWIFT_VERSION = 5.0;
				TARGETED_DEVICE_FAMILY = "1,2";
			};
			name = Debug;
		};
		CE2FA48224ABAC7900336453 /* Release */ = {
			isa = XCBuildConfiguration;
			baseConfigurationReference = 6917C3C2C322E26E5393D828 /* Pods-breweries-list.release.xcconfig */;
			buildSettings = {
				ASSETCATALOG_COMPILER_APPICON_NAME = AppIcon;
				CODE_SIGN_STYLE = Automatic;
				DEVELOPMENT_TEAM = U423AZVUP6;
				INFOPLIST_FILE = "breweries-list/Info.plist";
				IPHONEOS_DEPLOYMENT_TARGET = 12.0;
				LD_RUNPATH_SEARCH_PATHS = (
					"$(inherited)",
					"@executable_path/Frameworks",
				);
				PRODUCT_BUNDLE_IDENTIFIER = "vladimir.kuzomenskyi.breweries-list1";
				PRODUCT_NAME = "$(TARGET_NAME)";
				SWIFT_VERSION = 5.0;
				TARGETED_DEVICE_FAMILY = "1,2";
			};
			name = Release;
		};
/* End XCBuildConfiguration section */

/* Begin XCConfigurationList section */
		CE2FA46724ABAC7600336453 /* Build configuration list for PBXProject "breweries-list" */ = {
			isa = XCConfigurationList;
			buildConfigurations = (
				CE2FA47E24ABAC7900336453 /* Debug */,
				CE2FA47F24ABAC7900336453 /* Release */,
			);
			defaultConfigurationIsVisible = 0;
			defaultConfigurationName = Release;
		};
		CE2FA48024ABAC7900336453 /* Build configuration list for PBXNativeTarget "breweries-list" */ = {
			isa = XCConfigurationList;
			buildConfigurations = (
				CE2FA48124ABAC7900336453 /* Debug */,
				CE2FA48224ABAC7900336453 /* Release */,
			);
			defaultConfigurationIsVisible = 0;
			defaultConfigurationName = Release;
		};
/* End XCConfigurationList section */
	};
	rootObject = CE2FA46424ABAC7600336453 /* Project object */;
}
